
Microsoft Visual Studio Solution File, Format Version 12.00
# Visual Studio Version 17
VisualStudioVersion = 17.14.36518.9 d17.14
MinimumVisualStudioVersion = 10.0.40219.1
Project("{FAE04EC0-301F-11D3-BF4B-00C04F79EFBC}") = "SkyeMinder", "SkyeMinder.csproj", "{E2622457-5A1B-4614-8382-8C331E41424C}"
EndProject
Global
	GlobalSection(SolutionConfigurationPlatforms) = preSolution
		Debug|Any CPU = Debug|Any CPU
		Release|Any CPU = Release|Any CPU
	EndGlobalSection
	GlobalSection(ProjectConfigurationPlatforms) = postSolution
		{E2622457-5A1B-4614-8382-8C331E41424C}.Debug|Any CPU.ActiveCfg = Debug|Any CPU
		{E2622457-5A1B-4614-8382-8C331E41424C}.Debug|Any CPU.Build.0 = Debug|Any CPU
		{E2622457-5A1B-4614-8382-8C331E41424C}.Release|Any CPU.ActiveCfg = Release|Any CPU
		{E2622457-5A1B-4614-8382-8C331E41424C}.Release|Any CPU.Build.0 = Release|Any CPU
	EndGlobalSection
	GlobalSection(SolutionProperties) = preSolution
		HideSolutionNode = FALSE
	EndGlobalSection
	GlobalSection(ExtensibilityGlobals) = postSolution
		SolutionGuid = {66EBF5D9-DC26-4DB4-BC59-97346F9BAA11}
	EndGlobalSection
EndGlobal
